
Microsoft Visual Studio Solution File, Format Version 12.00
# Visual Studio Version 17
VisualStudioVersion = 17.14.36212.18 d17.14
MinimumVisualStudioVersion = 10.0.40219.1
Project("{FAE04EC0-301F-11D3-BF4B-00C04F79EFBC}") = "projektMauiWPierwszyDzienNiezle", "projektMauiWPierwszyDzienNiezle\projektMauiWPierwszyDzienNiezle.csproj", "{96E9FFDC-4DDD-4D54-BF80-BD099B2836B2}"
EndProject
Global
	GlobalSection(SolutionConfigurationPlatforms) = preSolution
		Debug|Any CPU = Debug|Any CPU
		Release|Any CPU = Release|Any CPU
	EndGlobalSection
	GlobalSection(ProjectConfigurationPlatforms) = postSolution
		{96E9FFDC-4DDD-4D54-BF80-BD099B2836B2}.Debug|Any CPU.ActiveCfg = Debug|Any CPU
		{96E9FFDC-4DDD-4D54-BF80-BD099B2836B2}.Debug|Any CPU.Build.0 = Debug|Any CPU
		{96E9FFDC-4DDD-4D54-BF80-BD099B2836B2}.Release|Any CPU.ActiveCfg = Release|Any CPU
		{96E9FFDC-4DDD-4D54-BF80-BD099B2836B2}.Release|Any CPU.Build.0 = Release|Any CPU
	EndGlobalSection
	GlobalSection(SolutionProperties) = preSolution
		HideSolutionNode = FALSE
	EndGlobalSection
	GlobalSection(ExtensibilityGlobals) = postSolution
		SolutionGuid = {76681861-4BBA-4B0C-B863-3D7A9BDD21AD}
	EndGlobalSection
EndGlobal
